{
    "_readme": [
        "This file locks the dependencies of your project to a known state",
        "Read more about it at https://getcomposer.org/doc/01-basic-usage.md#composer-lock-the-lock-file",
        "This file is @generated automatically"
    ],
<<<<<<< HEAD
    "hash": "6efe2f51415010ce36f80993fa24e477",
    "content-hash": "0583ee0ea61ac2eb63924f2558bbba63",
=======
    "hash": "3cb7c8b3f0175635fd9bcc35ba15d1b9",
    "content-hash": "df0ada007e632088a0a62c5b6f3d6cc1",
>>>>>>> feature/adjustments
    "packages": [
        {
            "name": "freyja/exceptions",
            "version": "v2.1.0",
            "source": {
                "type": "git",
                "url": "https://github.com/SqueezyWeb/Exceptions.git",
                "reference": "463759d39b7a569eab9e82c1de29a493f533b9a2"
            },
            "dist": {
                "type": "zip",
                "url": "https://api.github.com/repos/SqueezyWeb/Exceptions/zipball/463759d39b7a569eab9e82c1de29a493f533b9a2",
                "reference": "463759d39b7a569eab9e82c1de29a493f533b9a2",
                "shasum": ""
            },
            "type": "library",
            "autoload": {
                "psr-4": {
                    "Freyja\\Exceptions\\": "Lib"
                }
            },
            "notification-url": "https://packagist.org/downloads/",
            "license": [
                "GPLv2+"
            ],
            "authors": [
                {
                    "name": "Gianluca Merlo",
                    "email": "gianluca@squeezyweb.com"
                }
            ],
            "description": "Simple library of exceptions.",
            "time": "2016-02-08 12:32:59"
        },
        {
            "name": "symfony/yaml",
            "version": "3.0.x-dev",
            "source": {
                "type": "git",
                "url": "https://github.com/symfony/yaml.git",
                "reference": "3cf0709d7fe936e97bee9e954382e449003f1d9a"
            },
            "dist": {
                "type": "zip",
                "url": "https://api.github.com/repos/symfony/yaml/zipball/3cf0709d7fe936e97bee9e954382e449003f1d9a",
                "reference": "3cf0709d7fe936e97bee9e954382e449003f1d9a",
                "shasum": ""
            },
            "require": {
                "php": ">=5.5.9"
            },
            "type": "library",
            "extra": {
                "branch-alias": {
                    "dev-master": "3.0-dev"
                }
            },
            "autoload": {
                "psr-4": {
                    "Symfony\\Component\\Yaml\\": ""
                },
                "exclude-from-classmap": [
                    "/Tests/"
                ]
            },
            "notification-url": "https://packagist.org/downloads/",
            "license": [
                "MIT"
            ],
            "authors": [
                {
                    "name": "Fabien Potencier",
                    "email": "fabien@symfony.com"
                },
                {
                    "name": "Symfony Community",
                    "homepage": "https://symfony.com/contributors"
                }
            ],
            "description": "Symfony Yaml Component",
            "homepage": "https://symfony.com",
            "time": "2016-02-02 13:44:19"
        }
    ],
    "packages-dev": [],
    "aliases": [],
    "minimum-stability": "dev",
    "stability-flags": [],
    "prefer-stable": false,
    "prefer-lowest": false,
    "platform": [],
    "platform-dev": []
}
