{
    "_readme": [
        "This file locks the dependencies of your project to a known state",
        "Read more about it at https://getcomposer.org/doc/01-basic-usage.md#composer-lock-the-lock-file",
        "This file is @generated automatically"
    ],
    "hash": "fb5d08efe27bae7c1c97567675079635",
    "content-hash": "cb70b083ea23d0b7a66abc4ca7efc7d5",
    "packages": [
        {
            "name": "freyja/exceptions",
            "version": "v2.0.0",
            "source": {
                "type": "git",
                "url": "https://github.com/SqueezyWeb/Exceptions.git",
                "reference": "1239ac6378601eb24f68d95dda0090f9dfa28bf9"
            },
            "dist": {
                "type": "zip",
                "url": "https://api.github.com/repos/SqueezyWeb/Exceptions/zipball/1239ac6378601eb24f68d95dda0090f9dfa28bf9",
                "reference": "1239ac6378601eb24f68d95dda0090f9dfa28bf9",
                "shasum": ""
            },
            "type": "library",
            "autoload": {
                "psr-4": {
                    "Freyja\\Exceptions\\": "Lib"
                }
            },
            "notification-url": "https://packagist.org/downloads/",
            "license": [
                "GPLv2+"
            ],
            "authors": [
                {
                    "name": "Gianluca Merlo",
                    "email": "gianluca@squeezyweb.com"
                }
            ],
            "description": "Simple library of exceptions.",
            "time": "2016-02-02 17:15:18"
        }
    ],
    "packages-dev": [],
    "aliases": [],
    "minimum-stability": "dev",
    "stability-flags": [],
    "prefer-stable": false,
    "prefer-lowest": false,
    "platform": [],
    "platform-dev": []
}
